// !$*UTF8*$!
{
	archiveVersion = 1;
	classes = {
	};
	objectVersion = 46;
	objects = {

/* Begin PBXBuildFile section */
		ACE48BEC1BFA84D600B6272F /* AppDelegate.swift in Sources */ = {isa = PBXBuildFile; fileRef = ACE48BEB1BFA84D600B6272F /* AppDelegate.swift */; };
		ACE48BEE1BFA84D600B6272F /* ViewController.swift in Sources */ = {isa = PBXBuildFile; fileRef = ACE48BED1BFA84D600B6272F /* ViewController.swift */; };
		ACE48BF11BFA84D600B6272F /* Main.storyboard in Resources */ = {isa = PBXBuildFile; fileRef = ACE48BEF1BFA84D600B6272F /* Main.storyboard */; };
		ACE48BF31BFA84D600B6272F /* Assets.xcassets in Resources */ = {isa = PBXBuildFile; fileRef = ACE48BF21BFA84D600B6272F /* Assets.xcassets */; };
		ACE48BF61BFA84D600B6272F /* LaunchScreen.storyboard in Resources */ = {isa = PBXBuildFile; fileRef = ACE48BF41BFA84D600B6272F /* LaunchScreen.storyboard */; };
		ACE48C011BFA84D600B6272F /* AnimationTests.swift in Sources */ = {isa = PBXBuildFile; fileRef = ACE48C001BFA84D600B6272F /* AnimationTests.swift */; };
		ACE48C0C1BFA84D600B6272F /* AnimationUITests.swift in Sources */ = {isa = PBXBuildFile; fileRef = ACE48C0B1BFA84D600B6272F /* AnimationUITests.swift */; };
/* End PBXBuildFile section */

/* Begin PBXContainerItemProxy section */
		ACE48BFD1BFA84D600B6272F /* PBXContainerItemProxy */ = {
			isa = PBXContainerItemProxy;
			containerPortal = ACE48BE01BFA84D600B6272F /* Project object */;
			proxyType = 1;
			remoteGlobalIDString = ACE48BE71BFA84D600B6272F;
			remoteInfo = Animation;
		};
		ACE48C081BFA84D600B6272F /* PBXContainerItemProxy */ = {
			isa = PBXContainerItemProxy;
			containerPortal = ACE48BE01BFA84D600B6272F /* Project object */;
			proxyType = 1;
			remoteGlobalIDString = ACE48BE71BFA84D600B6272F;
			remoteInfo = Animation;
		};
/* End PBXContainerItemProxy section */

/* Begin PBXFileReference section */
		ACE48BE81BFA84D600B6272F /* Animation.app */ = {isa = PBXFileReference; explicitFileType = wrapper.application; includeInIndex = 0; path = Animation.app; sourceTree = BUILT_PRODUCTS_DIR; };
		ACE48BEB1BFA84D600B6272F /* AppDelegate.swift */ = {isa = PBXFileReference; lastKnownFileType = sourcecode.swift; path = AppDelegate.swift; sourceTree = "<group>"; };
		ACE48BED1BFA84D600B6272F /* ViewController.swift */ = {isa = PBXFileReference; lastKnownFileType = sourcecode.swift; path = ViewController.swift; sourceTree = "<group>"; };
		ACE48BF01BFA84D600B6272F /* Base */ = {isa = PBXFileReference; lastKnownFileType = file.storyboard; name = Base; path = Base.lproj/Main.storyboard; sourceTree = "<group>"; };
		ACE48BF21BFA84D600B6272F /* Assets.xcassets */ = {isa = PBXFileReference; lastKnownFileType = folder.assetcatalog; path = Assets.xcassets; sourceTree = "<group>"; };
		ACE48BF51BFA84D600B6272F /* Base */ = {isa = PBXFileReference; lastKnownFileType = file.storyboard; name = Base; path = Base.lproj/LaunchScreen.storyboard; sourceTree = "<group>"; };
		ACE48BF71BFA84D600B6272F /* Info.plist */ = {isa = PBXFileReference; lastKnownFileType = text.plist.xml; path = Info.plist; sourceTree = "<group>"; };
		ACE48BFC1BFA84D600B6272F /* AnimationTests.xctest */ = {isa = PBXFileReference; explicitFileType = wrapper.cfbundle; includeInIndex = 0; path = AnimationTests.xctest; sourceTree = BUILT_PRODUCTS_DIR; };
		ACE48C001BFA84D600B6272F /* AnimationTests.swift */ = {isa = PBXFileReference; lastKnownFileType = sourcecode.swift; path = AnimationTests.swift; sourceTree = "<group>"; };
		ACE48C021BFA84D600B6272F /* Info.plist */ = {isa = PBXFileReference; lastKnownFileType = text.plist.xml; path = Info.plist; sourceTree = "<group>"; };
		ACE48C071BFA84D600B6272F /* AnimationUITests.xctest */ = {isa = PBXFileReference; explicitFileType = wrapper.cfbundle; includeInIndex = 0; path = AnimationUITests.xctest; sourceTree = BUILT_PRODUCTS_DIR; };
		ACE48C0B1BFA84D600B6272F /* AnimationUITests.swift */ = {isa = PBXFileReference; lastKnownFileType = sourcecode.swift; path = AnimationUITests.swift; sourceTree = "<group>"; };
		ACE48C0D1BFA84D600B6272F /* Info.plist */ = {isa = PBXFileReference; lastKnownFileType = text.plist.xml; path = Info.plist; sourceTree = "<group>"; };
/* End PBXFileReference section */

/* Begin PBXFrameworksBuildPhase section */
		ACE48BE51BFA84D600B6272F /* Frameworks */ = {
			isa = PBXFrameworksBuildPhase;
			buildActionMask = 2147483647;
			files = (
			);
			runOnlyForDeploymentPostprocessing = 0;
		};
		ACE48BF91BFA84D600B6272F /* Frameworks */ = {
			isa = PBXFrameworksBuildPhase;
			buildActionMask = 2147483647;
			files = (
			);
			runOnlyForDeploymentPostprocessing = 0;
		};
		ACE48C041BFA84D600B6272F /* Frameworks */ = {
			isa = PBXFrameworksBuildPhase;
			buildActionMask = 2147483647;
			files = (
			);
			runOnlyForDeploymentPostprocessing = 0;
		};
/* End PBXFrameworksBuildPhase section */

/* Begin PBXGroup section */
		ACE48BDF1BFA84D600B6272F = {
			isa = PBXGroup;
			children = (
				ACE48BEA1BFA84D600B6272F /* Animation */,
				ACE48BFF1BFA84D600B6272F /* AnimationTests */,
				ACE48C0A1BFA84D600B6272F /* AnimationUITests */,
				ACE48BE91BFA84D600B6272F /* Products */,
			);
			sourceTree = "<group>";
		};
		ACE48BE91BFA84D600B6272F /* Products */ = {
			isa = PBXGroup;
			children = (
				ACE48BE81BFA84D600B6272F /* Animation.app */,
				ACE48BFC1BFA84D600B6272F /* AnimationTests.xctest */,
				ACE48C071BFA84D600B6272F /* AnimationUITests.xctest */,
			);
			name = Products;
			sourceTree = "<group>";
		};
		ACE48BEA1BFA84D600B6272F /* Animation */ = {
			isa = PBXGroup;
			children = (
				ACE48BEB1BFA84D600B6272F /* AppDelegate.swift */,
				ACE48BED1BFA84D600B6272F /* ViewController.swift */,
				ACE48BEF1BFA84D600B6272F /* Main.storyboard */,
				ACE48BF21BFA84D600B6272F /* Assets.xcassets */,
				ACE48BF41BFA84D600B6272F /* LaunchScreen.storyboard */,
				ACE48BF71BFA84D600B6272F /* Info.plist */,
			);
			path = Animation;
			sourceTree = "<group>";
		};
		ACE48BFF1BFA84D600B6272F /* AnimationTests */ = {
			isa = PBXGroup;
			children = (
				ACE48C001BFA84D600B6272F /* AnimationTests.swift */,
				ACE48C021BFA84D600B6272F /* Info.plist */,
			);
			path = AnimationTests;
			sourceTree = "<group>";
		};
		ACE48C0A1BFA84D600B6272F /* AnimationUITests */ = {
			isa = PBXGroup;
			children = (
				ACE48C0B1BFA84D600B6272F /* AnimationUITests.swift */,
				ACE48C0D1BFA84D600B6272F /* Info.plist */,
			);
			path = AnimationUITests;
			sourceTree = "<group>";
		};
/* End PBXGroup section */

/* Begin PBXNativeTarget section */
		ACE48BE71BFA84D600B6272F /* Animation */ = {
			isa = PBXNativeTarget;
			buildConfigurationList = ACE48C101BFA84D600B6272F /* Build configuration list for PBXNativeTarget "Animation" */;
			buildPhases = (
				ACE48BE41BFA84D600B6272F /* Sources */,
				ACE48BE51BFA84D600B6272F /* Frameworks */,
				ACE48BE61BFA84D600B6272F /* Resources */,
			);
			buildRules = (
			);
			dependencies = (
			);
			name = Animation;
			productName = Animation;
			productReference = ACE48BE81BFA84D600B6272F /* Animation.app */;
			productType = "com.apple.product-type.application";
		};
		ACE48BFB1BFA84D600B6272F /* AnimationTests */ = {
			isa = PBXNativeTarget;
			buildConfigurationList = ACE48C131BFA84D600B6272F /* Build configuration list for PBXNativeTarget "AnimationTests" */;
			buildPhases = (
				ACE48BF81BFA84D600B6272F /* Sources */,
				ACE48BF91BFA84D600B6272F /* Frameworks */,
				ACE48BFA1BFA84D600B6272F /* Resources */,
			);
			buildRules = (
			);
			dependencies = (
				ACE48BFE1BFA84D600B6272F /* PBXTargetDependency */,
			);
			name = AnimationTests;
			productName = AnimationTests;
			productReference = ACE48BFC1BFA84D600B6272F /* AnimationTests.xctest */;
			productType = "com.apple.product-type.bundle.unit-test";
		};
		ACE48C061BFA84D600B6272F /* AnimationUITests */ = {
			isa = PBXNativeTarget;
			buildConfigurationList = ACE48C161BFA84D600B6272F /* Build configuration list for PBXNativeTarget "AnimationUITests" */;
			buildPhases = (
				ACE48C031BFA84D600B6272F /* Sources */,
				ACE48C041BFA84D600B6272F /* Frameworks */,
				ACE48C051BFA84D600B6272F /* Resources */,
			);
			buildRules = (
			);
			dependencies = (
				ACE48C091BFA84D600B6272F /* PBXTargetDependency */,
			);
			name = AnimationUITests;
			productName = AnimationUITests;
			productReference = ACE48C071BFA84D600B6272F /* AnimationUITests.xctest */;
			productType = "com.apple.product-type.bundle.ui-testing";
		};
/* End PBXNativeTarget section */

/* Begin PBXProject section */
		ACE48BE01BFA84D600B6272F /* Project object */ = {
			isa = PBXProject;
			attributes = {
				LastUpgradeCheck = 0700;
				ORGANIZATIONNAME = 7MOB;
				TargetAttributes = {
					ACE48BE71BFA84D600B6272F = {
						CreatedOnToolsVersion = 7.0;
					};
					ACE48BFB1BFA84D600B6272F = {
						CreatedOnToolsVersion = 7.0;
						TestTargetID = ACE48BE71BFA84D600B6272F;
					};
					ACE48C061BFA84D600B6272F = {
						CreatedOnToolsVersion = 7.0;
						TestTargetID = ACE48BE71BFA84D600B6272F;
					};
				};
			};
			buildConfigurationList = ACE48BE31BFA84D600B6272F /* Build configuration list for PBXProject "Animation" */;
			compatibilityVersion = "Xcode 3.2";
			developmentRegion = English;
			hasScannedForEncodings = 0;
			knownRegions = (
				en,
				Base,
			);
			mainGroup = ACE48BDF1BFA84D600B6272F;
			productRefGroup = ACE48BE91BFA84D600B6272F /* Products */;
			projectDirPath = "";
			projectRoot = "";
			targets = (
				ACE48BE71BFA84D600B6272F /* Animation */,
				ACE48BFB1BFA84D600B6272F /* AnimationTests */,
				ACE48C061BFA84D600B6272F /* AnimationUITests */,
			);
		};
/* End PBXProject section */

/* Begin PBXResourcesBuildPhase section */
		ACE48BE61BFA84D600B6272F /* Resources */ = {
			isa = PBXResourcesBuildPhase;
			buildActionMask = 2147483647;
			files = (
				ACE48BF61BFA84D600B6272F /* LaunchScreen.storyboard in Resources */,
				ACE48BF31BFA84D600B6272F /* Assets.xcassets in Resources */,
				ACE48BF11BFA84D600B6272F /* Main.storyboard in Resources */,
			);
			runOnlyForDeploymentPostprocessing = 0;
		};
		ACE48BFA1BFA84D600B6272F /* Resources */ = {
			isa = PBXResourcesBuildPhase;
			buildActionMask = 2147483647;
			files = (
			);
			runOnlyForDeploymentPostprocessing = 0;
		};
		ACE48C051BFA84D600B6272F /* Resources */ = {
			isa = PBXResourcesBuildPhase;
			buildActionMask = 2147483647;
			files = (
			);
			runOnlyForDeploymentPostprocessing = 0;
		};
/* End PBXResourcesBuildPhase section */

/* Begin PBXSourcesBuildPhase section */
		ACE48BE41BFA84D600B6272F /* Sources */ = {
			isa = PBXSourcesBuildPhase;
			buildActionMask = 2147483647;
			files = (
				ACE48BEE1BFA84D600B6272F /* ViewController.swift in Sources */,
				ACE48BEC1BFA84D600B6272F /* AppDelegate.swift in Sources */,
			);
			runOnlyForDeploymentPostprocessing = 0;
		};
		ACE48BF81BFA84D600B6272F /* Sources */ = {
			isa = PBXSourcesBuildPhase;
			buildActionMask = 2147483647;
			files = (
				ACE48C011BFA84D600B6272F /* AnimationTests.swift in Sources */,
			);
			runOnlyForDeploymentPostprocessing = 0;
		};
		ACE48C031BFA84D600B6272F /* Sources */ = {
			isa = PBXSourcesBuildPhase;
			buildActionMask = 2147483647;
			files = (
				ACE48C0C1BFA84D600B6272F /* AnimationUITests.swift in Sources */,
			);
			runOnlyForDeploymentPostprocessing = 0;
		};
/* End PBXSourcesBuildPhase section */

/* Begin PBXTargetDependency section */
		ACE48BFE1BFA84D600B6272F /* PBXTargetDependency */ = {
			isa = PBXTargetDependency;
			target = ACE48BE71BFA84D600B6272F /* Animation */;
			targetProxy = ACE48BFD1BFA84D600B6272F /* PBXContainerItemProxy */;
		};
		ACE48C091BFA84D600B6272F /* PBXTargetDependency */ = {
			isa = PBXTargetDependency;
			target = ACE48BE71BFA84D600B6272F /* Animation */;
			targetProxy = ACE48C081BFA84D600B6272F /* PBXContainerItemProxy */;
		};
/* End PBXTargetDependency section */

/* Begin PBXVariantGroup section */
		ACE48BEF1BFA84D600B6272F /* Main.storyboard */ = {
			isa = PBXVariantGroup;
			children = (
				ACE48BF01BFA84D600B6272F /* Base */,
			);
			name = Main.storyboard;
			sourceTree = "<group>";
		};
		ACE48BF41BFA84D600B6272F /* LaunchScreen.storyboard */ = {
			isa = PBXVariantGroup;
			children = (
				ACE48BF51BFA84D600B6272F /* Base */,
			);
			name = LaunchScreen.storyboard;
			sourceTree = "<group>";
		};
/* End PBXVariantGroup section */

/* Begin XCBuildConfiguration section */
		ACE48C0E1BFA84D600B6272F /* Debug */ = {
			isa = XCBuildConfiguration;
			buildSettings = {
				ALWAYS_SEARCH_USER_PATHS = NO;
				CLANG_CXX_LANGUAGE_STANDARD = "gnu++0x";
				CLANG_CXX_LIBRARY = "libc++";
				CLANG_ENABLE_MODULES = YES;
				CLANG_ENABLE_OBJC_ARC = YES;
				CLANG_WARN_BOOL_CONVERSION = YES;
				CLANG_WARN_CONSTANT_CONVERSION = YES;
				CLANG_WARN_DIRECT_OBJC_ISA_USAGE = YES_ERROR;
				CLANG_WARN_EMPTY_BODY = YES;
				CLANG_WARN_ENUM_CONVERSION = YES;
				CLANG_WARN_INT_CONVERSION = YES;
				CLANG_WARN_OBJC_ROOT_CLASS = YES_ERROR;
				CLANG_WARN_UNREACHABLE_CODE = YES;
				CLANG_WARN__DUPLICATE_METHOD_MATCH = YES;
				"CODE_SIGN_IDENTITY[sdk=iphoneos*]" = "iPhone Developer";
				COPY_PHASE_STRIP = NO;
				DEBUG_INFORMATION_FORMAT = dwarf;
				ENABLE_STRICT_OBJC_MSGSEND = YES;
				ENABLE_TESTABILITY = YES;
				GCC_C_LANGUAGE_STANDARD = gnu99;
				GCC_DYNAMIC_NO_PIC = NO;
				GCC_NO_COMMON_BLOCKS = YES;
				GCC_OPTIMIZATION_LEVEL = 0;
				GCC_PREPROCESSOR_DEFINITIONS = (
					"DEBUG=1",
					"$(inherited)",
				);
				GCC_WARN_64_TO_32_BIT_CONVERSION = YES;
				GCC_WARN_ABOUT_RETURN_TYPE = YES_ERROR;
				GCC_WARN_UNDECLARED_SELECTOR = YES;
				GCC_WARN_UNINITIALIZED_AUTOS = YES_AGGRESSIVE;
				GCC_WARN_UNUSED_FUNCTION = YES;
				GCC_WARN_UNUSED_VARIABLE = YES;
				IPHONEOS_DEPLOYMENT_TARGET = 9.0;
				MTL_ENABLE_DEBUG_INFO = YES;
				ONLY_ACTIVE_ARCH = YES;
				SDKROOT = iphoneos;
				SWIFT_OPTIMIZATION_LEVEL = "-Onone";
				TARGETED_DEVICE_FAMILY = "1,2";
			};
			name = Debug;
		};
		ACE48C0F1BFA84D600B6272F /* Release */ = {
			isa = XCBuildConfiguration;
			buildSettings = {
				ALWAYS_SEARCH_USER_PATHS = NO;
				CLANG_CXX_LANGUAGE_STANDARD = "gnu++0x";
				CLANG_CXX_LIBRARY = "libc++";
				CLANG_ENABLE_MODULES = YES;
				CLANG_ENABLE_OBJC_ARC = YES;
				CLANG_WARN_BOOL_CONVERSION = YES;
				CLANG_WARN_CONSTANT_CONVERSION = YES;
				CLANG_WARN_DIRECT_OBJC_ISA_USAGE = YES_ERROR;
				CLANG_WARN_EMPTY_BODY = YES;
				CLANG_WARN_ENUM_CONVERSION = YES;
				CLANG_WARN_INT_CONVERSION = YES;
				CLANG_WARN_OBJC_ROOT_CLASS = YES_ERROR;
				CLANG_WARN_UNREACHABLE_CODE = YES;
				CLANG_WARN__DUPLICATE_METHOD_MATCH = YES;
				"CODE_SIGN_IDENTITY[sdk=iphoneos*]" = "iPhone Developer";
				COPY_PHASE_STRIP = NO;
				DEBUG_INFORMATION_FORMAT = "dwarf-with-dsym";
				ENABLE_NS_ASSERTIONS = NO;
				ENABLE_STRICT_OBJC_MSGSEND = YES;
				GCC_C_LANGUAGE_STANDARD = gnu99;
				GCC_NO_COMMON_BLOCKS = YES;
				GCC_WARN_64_TO_32_BIT_CONVERSION = YES;
				GCC_WARN_ABOUT_RETURN_TYPE = YES_ERROR;
				GCC_WARN_UNDECLARED_SELECTOR = YES;
				GCC_WARN_UNINITIALIZED_AUTOS = YES_AGGRESSIVE;
				GCC_WARN_UNUSED_FUNCTION = YES;
				GCC_WARN_UNUSED_VARIABLE = YES;
				IPHONEOS_DEPLOYMENT_TARGET = 9.0;
				MTL_ENABLE_DEBUG_INFO = NO;
				SDKROOT = iphoneos;
				TARGETED_DEVICE_FAMILY = "1,2";
				VALIDATE_PRODUCT = YES;
			};
			name = Release;
		};
		ACE48C111BFA84D600B6272F /* Debug */ = {
			isa = XCBuildConfiguration;
			buildSettings = {
				ASSETCATALOG_COMPILER_APPICON_NAME = AppIcon;
				INFOPLIST_FILE = Animation/Info.plist;
				LD_RUNPATH_SEARCH_PATHS = "$(inherited) @executable_path/Frameworks";
				PRODUCT_BUNDLE_IDENTIFIER = br.com.7mob.Animation;
				PRODUCT_NAME = "$(TARGET_NAME)";
			};
			name = Debug;
		};
		ACE48C121BFA84D600B6272F /* Release */ = {
			isa = XCBuildConfiguration;
			buildSettings = {
				ASSETCATALOG_COMPILER_APPICON_NAME = AppIcon;
				INFOPLIST_FILE = Animation/Info.plist;
				LD_RUNPATH_SEARCH_PATHS = "$(inherited) @executable_path/Frameworks";
				PRODUCT_BUNDLE_IDENTIFIER = br.com.7mob.Animation;
				PRODUCT_NAME = "$(TARGET_NAME)";
			};
			name = Release;
		};
		ACE48C141BFA84D600B6272F /* Debug */ = {
			isa = XCBuildConfiguration;
			buildSettings = {
				BUNDLE_LOADER = "$(TEST_HOST)";
				INFOPLIST_FILE = AnimationTests/Info.plist;
				LD_RUNPATH_SEARCH_PATHS = "$(inherited) @executable_path/Frameworks @loader_path/Frameworks";
				PRODUCT_BUNDLE_IDENTIFIER = br.com.7mob.AnimationTests;
				PRODUCT_NAME = "$(TARGET_NAME)";
				TEST_HOST = "$(BUILT_PRODUCTS_DIR)/Animation.app/Animation";
			};
			name = Debug;
		};
		ACE48C151BFA84D600B6272F /* Release */ = {
			isa = XCBuildConfiguration;
			buildSettings = {
				BUNDLE_LOADER = "$(TEST_HOST)";
				INFOPLIST_FILE = AnimationTests/Info.plist;
				LD_RUNPATH_SEARCH_PATHS = "$(inherited) @executable_path/Frameworks @loader_path/Frameworks";
				PRODUCT_BUNDLE_IDENTIFIER = br.com.7mob.AnimationTests;
				PRODUCT_NAME = "$(TARGET_NAME)";
				TEST_HOST = "$(BUILT_PRODUCTS_DIR)/Animation.app/Animation";
			};
			name = Release;
		};
		ACE48C171BFA84D600B6272F /* Debug */ = {
			isa = XCBuildConfiguration;
			buildSettings = {
				INFOPLIST_FILE = AnimationUITests/Info.plist;
				LD_RUNPATH_SEARCH_PATHS = "$(inherited) @executable_path/Frameworks @loader_path/Frameworks";
				PRODUCT_BUNDLE_IDENTIFIER = br.com.7mob.AnimationUITests;
				PRODUCT_NAME = "$(TARGET_NAME)";
				TEST_TARGET_NAME = Animation;
				USES_XCTRUNNER = YES;
			};
			name = Debug;
		};
		ACE48C181BFA84D600B6272F /* Release */ = {
			isa = XCBuildConfiguration;
			buildSettings = {
				INFOPLIST_FILE = AnimationUITests/Info.plist;
				LD_RUNPATH_SEARCH_PATHS = "$(inherited) @executable_path/Frameworks @loader_path/Frameworks";
				PRODUCT_BUNDLE_IDENTIFIER = br.com.7mob.AnimationUITests;
				PRODUCT_NAME = "$(TARGET_NAME)";
				TEST_TARGET_NAME = Animation;
				USES_XCTRUNNER = YES;
			};
			name = Release;
		};
/* End XCBuildConfiguration section */

/* Begin XCConfigurationList section */
		ACE48BE31BFA84D600B6272F /* Build configuration list for PBXProject "Animation" */ = {
			isa = XCConfigurationList;
			buildConfigurations = (
				ACE48C0E1BFA84D600B6272F /* Debug */,
				ACE48C0F1BFA84D600B6272F /* Release */,
			);
			defaultConfigurationIsVisible = 0;
			defaultConfigurationName = Release;
		};
		ACE48C101BFA84D600B6272F /* Build configuration list for PBXNativeTarget "Animation" */ = {
			isa = XCConfigurationList;
			buildConfigurations = (
				ACE48C111BFA84D600B6272F /* Debug */,
				ACE48C121BFA84D600B6272F /* Release */,
			);
			defaultConfigurationIsVisible = 0;
		};
		ACE48C131BFA84D600B6272F /* Build configuration list for PBXNativeTarget "AnimationTests" */ = {
			isa = XCConfigurationList;
			buildConfigurations = (
				ACE48C141BFA84D600B6272F /* Debug */,
				ACE48C151BFA84D600B6272F /* Release */,
			);
			defaultConfigurationIsVisible = 0;
		};
		ACE48C161BFA84D600B6272F /* Build configuration list for PBXNativeTarget "AnimationUITests" */ = {
			isa = XCConfigurationList;
			buildConfigurations = (
				ACE48C171BFA84D600B6272F /* Debug */,
				ACE48C181BFA84D600B6272F /* Release */,
			);
			defaultConfigurationIsVisible = 0;
		};
/* End XCConfigurationList section */
	};
	rootObject = ACE48BE01BFA84D600B6272F /* Project object */;
}
