// !$*UTF8*$!
{
	archiveVersion = 1;
	classes = {
	};
	objectVersion = 46;
	objects = {

/* Begin PBXBuildFile section */
		ACC85CB71BD26DDA00E1141B /* AppDelegate.swift in Sources */ = {isa = PBXBuildFile; fileRef = ACC85CB61BD26DDA00E1141B /* AppDelegate.swift */; };
		ACC85CB91BD26DDA00E1141B /* ViewController.swift in Sources */ = {isa = PBXBuildFile; fileRef = ACC85CB81BD26DDA00E1141B /* ViewController.swift */; };
		ACC85CBC1BD26DDA00E1141B /* Main.storyboard in Resources */ = {isa = PBXBuildFile; fileRef = ACC85CBA1BD26DDA00E1141B /* Main.storyboard */; };
		ACC85CBE1BD26DDA00E1141B /* Assets.xcassets in Resources */ = {isa = PBXBuildFile; fileRef = ACC85CBD1BD26DDA00E1141B /* Assets.xcassets */; };
		ACC85CC11BD26DDA00E1141B /* LaunchScreen.storyboard in Resources */ = {isa = PBXBuildFile; fileRef = ACC85CBF1BD26DDA00E1141B /* LaunchScreen.storyboard */; };
		ACC85CCC1BD26DDA00E1141B /* CalculadoraTests.swift in Sources */ = {isa = PBXBuildFile; fileRef = ACC85CCB1BD26DDA00E1141B /* CalculadoraTests.swift */; };
		ACC85CD71BD26DDA00E1141B /* CalculadoraUITests.swift in Sources */ = {isa = PBXBuildFile; fileRef = ACC85CD61BD26DDA00E1141B /* CalculadoraUITests.swift */; };
		ACC85CE51BD26E3400E1141B /* CalcOperation.swift in Sources */ = {isa = PBXBuildFile; fileRef = ACC85CE41BD26E3400E1141B /* CalcOperation.swift */; settings = {ASSET_TAGS = (); }; };
/* End PBXBuildFile section */

/* Begin PBXContainerItemProxy section */
		ACC85CC81BD26DDA00E1141B /* PBXContainerItemProxy */ = {
			isa = PBXContainerItemProxy;
			containerPortal = ACC85CAB1BD26DDA00E1141B /* Project object */;
			proxyType = 1;
			remoteGlobalIDString = ACC85CB21BD26DDA00E1141B;
			remoteInfo = Calculadora;
		};
		ACC85CD31BD26DDA00E1141B /* PBXContainerItemProxy */ = {
			isa = PBXContainerItemProxy;
			containerPortal = ACC85CAB1BD26DDA00E1141B /* Project object */;
			proxyType = 1;
			remoteGlobalIDString = ACC85CB21BD26DDA00E1141B;
			remoteInfo = Calculadora;
		};
/* End PBXContainerItemProxy section */

/* Begin PBXFileReference section */
		ACC85CB31BD26DDA00E1141B /* Calculadora.app */ = {isa = PBXFileReference; explicitFileType = wrapper.application; includeInIndex = 0; path = Calculadora.app; sourceTree = BUILT_PRODUCTS_DIR; };
		ACC85CB61BD26DDA00E1141B /* AppDelegate.swift */ = {isa = PBXFileReference; lastKnownFileType = sourcecode.swift; path = AppDelegate.swift; sourceTree = "<group>"; };
		ACC85CB81BD26DDA00E1141B /* ViewController.swift */ = {isa = PBXFileReference; lastKnownFileType = sourcecode.swift; path = ViewController.swift; sourceTree = "<group>"; };
		ACC85CBB1BD26DDA00E1141B /* Base */ = {isa = PBXFileReference; lastKnownFileType = file.storyboard; name = Base; path = Base.lproj/Main.storyboard; sourceTree = "<group>"; };
		ACC85CBD1BD26DDA00E1141B /* Assets.xcassets */ = {isa = PBXFileReference; lastKnownFileType = folder.assetcatalog; path = Assets.xcassets; sourceTree = "<group>"; };
		ACC85CC01BD26DDA00E1141B /* Base */ = {isa = PBXFileReference; lastKnownFileType = file.storyboard; name = Base; path = Base.lproj/LaunchScreen.storyboard; sourceTree = "<group>"; };
		ACC85CC21BD26DDA00E1141B /* Info.plist */ = {isa = PBXFileReference; lastKnownFileType = text.plist.xml; path = Info.plist; sourceTree = "<group>"; };
		ACC85CC71BD26DDA00E1141B /* CalculadoraTests.xctest */ = {isa = PBXFileReference; explicitFileType = wrapper.cfbundle; includeInIndex = 0; path = CalculadoraTests.xctest; sourceTree = BUILT_PRODUCTS_DIR; };
		ACC85CCB1BD26DDA00E1141B /* CalculadoraTests.swift */ = {isa = PBXFileReference; lastKnownFileType = sourcecode.swift; path = CalculadoraTests.swift; sourceTree = "<group>"; };
		ACC85CCD1BD26DDA00E1141B /* Info.plist */ = {isa = PBXFileReference; lastKnownFileType = text.plist.xml; path = Info.plist; sourceTree = "<group>"; };
		ACC85CD21BD26DDA00E1141B /* CalculadoraUITests.xctest */ = {isa = PBXFileReference; explicitFileType = wrapper.cfbundle; includeInIndex = 0; path = CalculadoraUITests.xctest; sourceTree = BUILT_PRODUCTS_DIR; };
		ACC85CD61BD26DDA00E1141B /* CalculadoraUITests.swift */ = {isa = PBXFileReference; lastKnownFileType = sourcecode.swift; path = CalculadoraUITests.swift; sourceTree = "<group>"; };
		ACC85CD81BD26DDA00E1141B /* Info.plist */ = {isa = PBXFileReference; lastKnownFileType = text.plist.xml; path = Info.plist; sourceTree = "<group>"; };
		ACC85CE41BD26E3400E1141B /* CalcOperation.swift */ = {isa = PBXFileReference; fileEncoding = 4; lastKnownFileType = sourcecode.swift; path = CalcOperation.swift; sourceTree = "<group>"; };
/* End PBXFileReference section */

/* Begin PBXFrameworksBuildPhase section */
		ACC85CB01BD26DDA00E1141B /* Frameworks */ = {
			isa = PBXFrameworksBuildPhase;
			buildActionMask = 2147483647;
			files = (
			);
			runOnlyForDeploymentPostprocessing = 0;
		};
		ACC85CC41BD26DDA00E1141B /* Frameworks */ = {
			isa = PBXFrameworksBuildPhase;
			buildActionMask = 2147483647;
			files = (
			);
			runOnlyForDeploymentPostprocessing = 0;
		};
		ACC85CCF1BD26DDA00E1141B /* Frameworks */ = {
			isa = PBXFrameworksBuildPhase;
			buildActionMask = 2147483647;
			files = (
			);
			runOnlyForDeploymentPostprocessing = 0;
		};
/* End PBXFrameworksBuildPhase section */

/* Begin PBXGroup section */
		ACC85CAA1BD26DDA00E1141B = {
			isa = PBXGroup;
			children = (
				ACC85CB51BD26DDA00E1141B /* Calculadora */,
				ACC85CCA1BD26DDA00E1141B /* CalculadoraTests */,
				ACC85CD51BD26DDA00E1141B /* CalculadoraUITests */,
				ACC85CB41BD26DDA00E1141B /* Products */,
			);
			sourceTree = "<group>";
		};
		ACC85CB41BD26DDA00E1141B /* Products */ = {
			isa = PBXGroup;
			children = (
				ACC85CB31BD26DDA00E1141B /* Calculadora.app */,
				ACC85CC71BD26DDA00E1141B /* CalculadoraTests.xctest */,
				ACC85CD21BD26DDA00E1141B /* CalculadoraUITests.xctest */,
			);
			name = Products;
			sourceTree = "<group>";
		};
		ACC85CB51BD26DDA00E1141B /* Calculadora */ = {
			isa = PBXGroup;
			children = (
				ACC85CB61BD26DDA00E1141B /* AppDelegate.swift */,
				ACC85CB81BD26DDA00E1141B /* ViewController.swift */,
				ACC85CBA1BD26DDA00E1141B /* Main.storyboard */,
				ACC85CBD1BD26DDA00E1141B /* Assets.xcassets */,
				ACC85CBF1BD26DDA00E1141B /* LaunchScreen.storyboard */,
				ACC85CC21BD26DDA00E1141B /* Info.plist */,
				ACC85CE41BD26E3400E1141B /* CalcOperation.swift */,
			);
			path = Calculadora;
			sourceTree = "<group>";
		};
		ACC85CCA1BD26DDA00E1141B /* CalculadoraTests */ = {
			isa = PBXGroup;
			children = (
				ACC85CCB1BD26DDA00E1141B /* CalculadoraTests.swift */,
				ACC85CCD1BD26DDA00E1141B /* Info.plist */,
			);
			path = CalculadoraTests;
			sourceTree = "<group>";
		};
		ACC85CD51BD26DDA00E1141B /* CalculadoraUITests */ = {
			isa = PBXGroup;
			children = (
				ACC85CD61BD26DDA00E1141B /* CalculadoraUITests.swift */,
				ACC85CD81BD26DDA00E1141B /* Info.plist */,
			);
			path = CalculadoraUITests;
			sourceTree = "<group>";
		};
/* End PBXGroup section */

/* Begin PBXNativeTarget section */
		ACC85CB21BD26DDA00E1141B /* Calculadora */ = {
			isa = PBXNativeTarget;
			buildConfigurationList = ACC85CDB1BD26DDA00E1141B /* Build configuration list for PBXNativeTarget "Calculadora" */;
			buildPhases = (
				ACC85CAF1BD26DDA00E1141B /* Sources */,
				ACC85CB01BD26DDA00E1141B /* Frameworks */,
				ACC85CB11BD26DDA00E1141B /* Resources */,
			);
			buildRules = (
			);
			dependencies = (
			);
			name = Calculadora;
			productName = Calculadora;
			productReference = ACC85CB31BD26DDA00E1141B /* Calculadora.app */;
			productType = "com.apple.product-type.application";
		};
		ACC85CC61BD26DDA00E1141B /* CalculadoraTests */ = {
			isa = PBXNativeTarget;
			buildConfigurationList = ACC85CDE1BD26DDA00E1141B /* Build configuration list for PBXNativeTarget "CalculadoraTests" */;
			buildPhases = (
				ACC85CC31BD26DDA00E1141B /* Sources */,
				ACC85CC41BD26DDA00E1141B /* Frameworks */,
				ACC85CC51BD26DDA00E1141B /* Resources */,
			);
			buildRules = (
			);
			dependencies = (
				ACC85CC91BD26DDA00E1141B /* PBXTargetDependency */,
			);
			name = CalculadoraTests;
			productName = CalculadoraTests;
			productReference = ACC85CC71BD26DDA00E1141B /* CalculadoraTests.xctest */;
			productType = "com.apple.product-type.bundle.unit-test";
		};
		ACC85CD11BD26DDA00E1141B /* CalculadoraUITests */ = {
			isa = PBXNativeTarget;
			buildConfigurationList = ACC85CE11BD26DDA00E1141B /* Build configuration list for PBXNativeTarget "CalculadoraUITests" */;
			buildPhases = (
				ACC85CCE1BD26DDA00E1141B /* Sources */,
				ACC85CCF1BD26DDA00E1141B /* Frameworks */,
				ACC85CD01BD26DDA00E1141B /* Resources */,
			);
			buildRules = (
			);
			dependencies = (
				ACC85CD41BD26DDA00E1141B /* PBXTargetDependency */,
			);
			name = CalculadoraUITests;
			productName = CalculadoraUITests;
			productReference = ACC85CD21BD26DDA00E1141B /* CalculadoraUITests.xctest */;
			productType = "com.apple.product-type.bundle.ui-testing";
		};
/* End PBXNativeTarget section */

/* Begin PBXProject section */
		ACC85CAB1BD26DDA00E1141B /* Project object */ = {
			isa = PBXProject;
			attributes = {
				LastUpgradeCheck = 0700;
				ORGANIZATIONNAME = Silvr;
				TargetAttributes = {
					ACC85CB21BD26DDA00E1141B = {
						CreatedOnToolsVersion = 7.0;
					};
					ACC85CC61BD26DDA00E1141B = {
						CreatedOnToolsVersion = 7.0;
						TestTargetID = ACC85CB21BD26DDA00E1141B;
					};
					ACC85CD11BD26DDA00E1141B = {
						CreatedOnToolsVersion = 7.0;
						TestTargetID = ACC85CB21BD26DDA00E1141B;
					};
				};
			};
			buildConfigurationList = ACC85CAE1BD26DDA00E1141B /* Build configuration list for PBXProject "Calculadora" */;
			compatibilityVersion = "Xcode 3.2";
			developmentRegion = English;
			hasScannedForEncodings = 0;
			knownRegions = (
				en,
				Base,
			);
			mainGroup = ACC85CAA1BD26DDA00E1141B;
			productRefGroup = ACC85CB41BD26DDA00E1141B /* Products */;
			projectDirPath = "";
			projectRoot = "";
			targets = (
				ACC85CB21BD26DDA00E1141B /* Calculadora */,
				ACC85CC61BD26DDA00E1141B /* CalculadoraTests */,
				ACC85CD11BD26DDA00E1141B /* CalculadoraUITests */,
			);
		};
/* End PBXProject section */

/* Begin PBXResourcesBuildPhase section */
		ACC85CB11BD26DDA00E1141B /* Resources */ = {
			isa = PBXResourcesBuildPhase;
			buildActionMask = 2147483647;
			files = (
				ACC85CC11BD26DDA00E1141B /* LaunchScreen.storyboard in Resources */,
				ACC85CBE1BD26DDA00E1141B /* Assets.xcassets in Resources */,
				ACC85CBC1BD26DDA00E1141B /* Main.storyboard in Resources */,
			);
			runOnlyForDeploymentPostprocessing = 0;
		};
		ACC85CC51BD26DDA00E1141B /* Resources */ = {
			isa = PBXResourcesBuildPhase;
			buildActionMask = 2147483647;
			files = (
			);
			runOnlyForDeploymentPostprocessing = 0;
		};
		ACC85CD01BD26DDA00E1141B /* Resources */ = {
			isa = PBXResourcesBuildPhase;
			buildActionMask = 2147483647;
			files = (
			);
			runOnlyForDeploymentPostprocessing = 0;
		};
/* End PBXResourcesBuildPhase section */

/* Begin PBXSourcesBuildPhase section */
		ACC85CAF1BD26DDA00E1141B /* Sources */ = {
			isa = PBXSourcesBuildPhase;
			buildActionMask = 2147483647;
			files = (
				ACC85CE51BD26E3400E1141B /* CalcOperation.swift in Sources */,
				ACC85CB91BD26DDA00E1141B /* ViewController.swift in Sources */,
				ACC85CB71BD26DDA00E1141B /* AppDelegate.swift in Sources */,
			);
			runOnlyForDeploymentPostprocessing = 0;
		};
		ACC85CC31BD26DDA00E1141B /* Sources */ = {
			isa = PBXSourcesBuildPhase;
			buildActionMask = 2147483647;
			files = (
				ACC85CCC1BD26DDA00E1141B /* CalculadoraTests.swift in Sources */,
			);
			runOnlyForDeploymentPostprocessing = 0;
		};
		ACC85CCE1BD26DDA00E1141B /* Sources */ = {
			isa = PBXSourcesBuildPhase;
			buildActionMask = 2147483647;
			files = (
				ACC85CD71BD26DDA00E1141B /* CalculadoraUITests.swift in Sources */,
			);
			runOnlyForDeploymentPostprocessing = 0;
		};
/* End PBXSourcesBuildPhase section */

/* Begin PBXTargetDependency section */
		ACC85CC91BD26DDA00E1141B /* PBXTargetDependency */ = {
			isa = PBXTargetDependency;
			target = ACC85CB21BD26DDA00E1141B /* Calculadora */;
			targetProxy = ACC85CC81BD26DDA00E1141B /* PBXContainerItemProxy */;
		};
		ACC85CD41BD26DDA00E1141B /* PBXTargetDependency */ = {
			isa = PBXTargetDependency;
			target = ACC85CB21BD26DDA00E1141B /* Calculadora */;
			targetProxy = ACC85CD31BD26DDA00E1141B /* PBXContainerItemProxy */;
		};
/* End PBXTargetDependency section */

/* Begin PBXVariantGroup section */
		ACC85CBA1BD26DDA00E1141B /* Main.storyboard */ = {
			isa = PBXVariantGroup;
			children = (
				ACC85CBB1BD26DDA00E1141B /* Base */,
			);
			name = Main.storyboard;
			sourceTree = "<group>";
		};
		ACC85CBF1BD26DDA00E1141B /* LaunchScreen.storyboard */ = {
			isa = PBXVariantGroup;
			children = (
				ACC85CC01BD26DDA00E1141B /* Base */,
			);
			name = LaunchScreen.storyboard;
			sourceTree = "<group>";
		};
/* End PBXVariantGroup section */

/* Begin XCBuildConfiguration section */
		ACC85CD91BD26DDA00E1141B /* Debug */ = {
			isa = XCBuildConfiguration;
			buildSettings = {
				ALWAYS_SEARCH_USER_PATHS = NO;
				CLANG_CXX_LANGUAGE_STANDARD = "gnu++0x";
				CLANG_CXX_LIBRARY = "libc++";
				CLANG_ENABLE_MODULES = YES;
				CLANG_ENABLE_OBJC_ARC = YES;
				CLANG_WARN_BOOL_CONVERSION = YES;
				CLANG_WARN_CONSTANT_CONVERSION = YES;
				CLANG_WARN_DIRECT_OBJC_ISA_USAGE = YES_ERROR;
				CLANG_WARN_EMPTY_BODY = YES;
				CLANG_WARN_ENUM_CONVERSION = YES;
				CLANG_WARN_INT_CONVERSION = YES;
				CLANG_WARN_OBJC_ROOT_CLASS = YES_ERROR;
				CLANG_WARN_UNREACHABLE_CODE = YES;
				CLANG_WARN__DUPLICATE_METHOD_MATCH = YES;
				"CODE_SIGN_IDENTITY[sdk=iphoneos*]" = "iPhone Developer";
				COPY_PHASE_STRIP = NO;
				DEBUG_INFORMATION_FORMAT = dwarf;
				ENABLE_STRICT_OBJC_MSGSEND = YES;
				ENABLE_TESTABILITY = YES;
				GCC_C_LANGUAGE_STANDARD = gnu99;
				GCC_DYNAMIC_NO_PIC = NO;
				GCC_NO_COMMON_BLOCKS = YES;
				GCC_OPTIMIZATION_LEVEL = 0;
				GCC_PREPROCESSOR_DEFINITIONS = (
					"DEBUG=1",
					"$(inherited)",
				);
				GCC_WARN_64_TO_32_BIT_CONVERSION = YES;
				GCC_WARN_ABOUT_RETURN_TYPE = YES_ERROR;
				GCC_WARN_UNDECLARED_SELECTOR = YES;
				GCC_WARN_UNINITIALIZED_AUTOS = YES_AGGRESSIVE;
				GCC_WARN_UNUSED_FUNCTION = YES;
				GCC_WARN_UNUSED_VARIABLE = YES;
				IPHONEOS_DEPLOYMENT_TARGET = 9.0;
				MTL_ENABLE_DEBUG_INFO = YES;
				ONLY_ACTIVE_ARCH = YES;
				SDKROOT = iphoneos;
				SWIFT_OPTIMIZATION_LEVEL = "-Onone";
				TARGETED_DEVICE_FAMILY = "1,2";
			};
			name = Debug;
		};
		ACC85CDA1BD26DDA00E1141B /* Release */ = {
			isa = XCBuildConfiguration;
			buildSettings = {
				ALWAYS_SEARCH_USER_PATHS = NO;
				CLANG_CXX_LANGUAGE_STANDARD = "gnu++0x";
				CLANG_CXX_LIBRARY = "libc++";
				CLANG_ENABLE_MODULES = YES;
				CLANG_ENABLE_OBJC_ARC = YES;
				CLANG_WARN_BOOL_CONVERSION = YES;
				CLANG_WARN_CONSTANT_CONVERSION = YES;
				CLANG_WARN_DIRECT_OBJC_ISA_USAGE = YES_ERROR;
				CLANG_WARN_EMPTY_BODY = YES;
				CLANG_WARN_ENUM_CONVERSION = YES;
				CLANG_WARN_INT_CONVERSION = YES;
				CLANG_WARN_OBJC_ROOT_CLASS = YES_ERROR;
				CLANG_WARN_UNREACHABLE_CODE = YES;
				CLANG_WARN__DUPLICATE_METHOD_MATCH = YES;
				"CODE_SIGN_IDENTITY[sdk=iphoneos*]" = "iPhone Developer";
				COPY_PHASE_STRIP = NO;
				DEBUG_INFORMATION_FORMAT = "dwarf-with-dsym";
				ENABLE_NS_ASSERTIONS = NO;
				ENABLE_STRICT_OBJC_MSGSEND = YES;
				GCC_C_LANGUAGE_STANDARD = gnu99;
				GCC_NO_COMMON_BLOCKS = YES;
				GCC_WARN_64_TO_32_BIT_CONVERSION = YES;
				GCC_WARN_ABOUT_RETURN_TYPE = YES_ERROR;
				GCC_WARN_UNDECLARED_SELECTOR = YES;
				GCC_WARN_UNINITIALIZED_AUTOS = YES_AGGRESSIVE;
				GCC_WARN_UNUSED_FUNCTION = YES;
				GCC_WARN_UNUSED_VARIABLE = YES;
				IPHONEOS_DEPLOYMENT_TARGET = 9.0;
				MTL_ENABLE_DEBUG_INFO = NO;
				SDKROOT = iphoneos;
				TARGETED_DEVICE_FAMILY = "1,2";
				VALIDATE_PRODUCT = YES;
			};
			name = Release;
		};
		ACC85CDC1BD26DDA00E1141B /* Debug */ = {
			isa = XCBuildConfiguration;
			buildSettings = {
				ASSETCATALOG_COMPILER_APPICON_NAME = AppIcon;
				INFOPLIST_FILE = Calculadora/Info.plist;
				LD_RUNPATH_SEARCH_PATHS = "$(inherited) @executable_path/Frameworks";
				PRODUCT_BUNDLE_IDENTIFIER = br.com.7mob.Calculadora;
				PRODUCT_NAME = "$(TARGET_NAME)";
			};
			name = Debug;
		};
		ACC85CDD1BD26DDA00E1141B /* Release */ = {
			isa = XCBuildConfiguration;
			buildSettings = {
				ASSETCATALOG_COMPILER_APPICON_NAME = AppIcon;
				INFOPLIST_FILE = Calculadora/Info.plist;
				LD_RUNPATH_SEARCH_PATHS = "$(inherited) @executable_path/Frameworks";
				PRODUCT_BUNDLE_IDENTIFIER = br.com.7mob.Calculadora;
				PRODUCT_NAME = "$(TARGET_NAME)";
			};
			name = Release;
		};
		ACC85CDF1BD26DDA00E1141B /* Debug */ = {
			isa = XCBuildConfiguration;
			buildSettings = {
				BUNDLE_LOADER = "$(TEST_HOST)";
				INFOPLIST_FILE = CalculadoraTests/Info.plist;
				LD_RUNPATH_SEARCH_PATHS = "$(inherited) @executable_path/Frameworks @loader_path/Frameworks";
				PRODUCT_BUNDLE_IDENTIFIER = br.com.7mob.CalculadoraTests;
				PRODUCT_NAME = "$(TARGET_NAME)";
				TEST_HOST = "$(BUILT_PRODUCTS_DIR)/Calculadora.app/Calculadora";
			};
			name = Debug;
		};
		ACC85CE01BD26DDA00E1141B /* Release */ = {
			isa = XCBuildConfiguration;
			buildSettings = {
				BUNDLE_LOADER = "$(TEST_HOST)";
				INFOPLIST_FILE = CalculadoraTests/Info.plist;
				LD_RUNPATH_SEARCH_PATHS = "$(inherited) @executable_path/Frameworks @loader_path/Frameworks";
				PRODUCT_BUNDLE_IDENTIFIER = br.com.7mob.CalculadoraTests;
				PRODUCT_NAME = "$(TARGET_NAME)";
				TEST_HOST = "$(BUILT_PRODUCTS_DIR)/Calculadora.app/Calculadora";
			};
			name = Release;
		};
		ACC85CE21BD26DDA00E1141B /* Debug */ = {
			isa = XCBuildConfiguration;
			buildSettings = {
				INFOPLIST_FILE = CalculadoraUITests/Info.plist;
				LD_RUNPATH_SEARCH_PATHS = "$(inherited) @executable_path/Frameworks @loader_path/Frameworks";
				PRODUCT_BUNDLE_IDENTIFIER = br.com.7mob.CalculadoraUITests;
				PRODUCT_NAME = "$(TARGET_NAME)";
				TEST_TARGET_NAME = Calculadora;
				USES_XCTRUNNER = YES;
			};
			name = Debug;
		};
		ACC85CE31BD26DDA00E1141B /* Release */ = {
			isa = XCBuildConfiguration;
			buildSettings = {
				INFOPLIST_FILE = CalculadoraUITests/Info.plist;
				LD_RUNPATH_SEARCH_PATHS = "$(inherited) @executable_path/Frameworks @loader_path/Frameworks";
				PRODUCT_BUNDLE_IDENTIFIER = br.com.7mob.CalculadoraUITests;
				PRODUCT_NAME = "$(TARGET_NAME)";
				TEST_TARGET_NAME = Calculadora;
				USES_XCTRUNNER = YES;
			};
			name = Release;
		};
/* End XCBuildConfiguration section */

/* Begin XCConfigurationList section */
		ACC85CAE1BD26DDA00E1141B /* Build configuration list for PBXProject "Calculadora" */ = {
			isa = XCConfigurationList;
			buildConfigurations = (
				ACC85CD91BD26DDA00E1141B /* Debug */,
				ACC85CDA1BD26DDA00E1141B /* Release */,
			);
			defaultConfigurationIsVisible = 0;
			defaultConfigurationName = Release;
		};
		ACC85CDB1BD26DDA00E1141B /* Build configuration list for PBXNativeTarget "Calculadora" */ = {
			isa = XCConfigurationList;
			buildConfigurations = (
				ACC85CDC1BD26DDA00E1141B /* Debug */,
				ACC85CDD1BD26DDA00E1141B /* Release */,
			);
			defaultConfigurationIsVisible = 0;
		};
		ACC85CDE1BD26DDA00E1141B /* Build configuration list for PBXNativeTarget "CalculadoraTests" */ = {
			isa = XCConfigurationList;
			buildConfigurations = (
				ACC85CDF1BD26DDA00E1141B /* Debug */,
				ACC85CE01BD26DDA00E1141B /* Release */,
			);
			defaultConfigurationIsVisible = 0;
		};
		ACC85CE11BD26DDA00E1141B /* Build configuration list for PBXNativeTarget "CalculadoraUITests" */ = {
			isa = XCConfigurationList;
			buildConfigurations = (
				ACC85CE21BD26DDA00E1141B /* Debug */,
				ACC85CE31BD26DDA00E1141B /* Release */,
			);
			defaultConfigurationIsVisible = 0;
		};
/* End XCConfigurationList section */
	};
	rootObject = ACC85CAB1BD26DDA00E1141B /* Project object */;
}
